
Microsoft Visual Studio Solution File, Format Version 12.00
# Visual Studio 15
VisualStudioVersion = 15.0.27703.2018
MinimumVisualStudioVersion = 10.0.40219.1
Project("{FAE04EC0-301F-11D3-BF4B-00C04F79EFBC}") = "WebApi", "WebApi\WebApi.csproj", "{97A77F37-5350-43C4-A1D5-1E0C50EB97EE}"
EndProject
Project("{FAE04EC0-301F-11D3-BF4B-00C04F79EFBC}") = "WebApi.Tests", "WebApi.Tests\WebApi.Tests.csproj", "{13A6294A-55C0-4DED-80C9-0E4DB3D0A884}"
EndProject
Global
	GlobalSection(SolutionConfigurationPlatforms) = preSolution
		Debug|Any CPU = Debug|Any CPU
		Release|Any CPU = Release|Any CPU
	EndGlobalSection
	GlobalSection(ProjectConfigurationPlatforms) = postSolution
		{97A77F37-5350-43C4-A1D5-1E0C50EB97EE}.Debug|Any CPU.ActiveCfg = Debug|Any CPU
		{97A77F37-5350-43C4-A1D5-1E0C50EB97EE}.Debug|Any CPU.Build.0 = Debug|Any CPU
		{97A77F37-5350-43C4-A1D5-1E0C50EB97EE}.Release|Any CPU.ActiveCfg = Release|Any CPU
		{97A77F37-5350-43C4-A1D5-1E0C50EB97EE}.Release|Any CPU.Build.0 = Release|Any CPU
		{13A6294A-55C0-4DED-80C9-0E4DB3D0A884}.Debug|Any CPU.ActiveCfg = Debug|Any CPU
		{13A6294A-55C0-4DED-80C9-0E4DB3D0A884}.Debug|Any CPU.Build.0 = Debug|Any CPU
		{13A6294A-55C0-4DED-80C9-0E4DB3D0A884}.Release|Any CPU.ActiveCfg = Release|Any CPU
		{13A6294A-55C0-4DED-80C9-0E4DB3D0A884}.Release|Any CPU.Build.0 = Release|Any CPU
	EndGlobalSection
	GlobalSection(SolutionProperties) = preSolution
		HideSolutionNode = FALSE
	EndGlobalSection
	GlobalSection(ExtensibilityGlobals) = postSolution
		SolutionGuid = {48B3E63D-3282-46C4-8A02-723FEDE0C523}
	EndGlobalSection
EndGlobal
